
Microsoft Visual Studio Solution File, Format Version 12.00
# Visual Studio 15
VisualStudioVersion = 15.0.27703.2035
MinimumVisualStudioVersion = 10.0.40219.1
Project("{FAE04EC0-301F-11D3-BF4B-00C04F79EFBC}") = "PrihApi", "PrihApi\PrihApi.csproj", "{DC15282B-E117-4F9D-8A13-09A666CEE80C}"
EndProject
Global
	GlobalSection(SolutionConfigurationPlatforms) = preSolution
		Debug|Any CPU = Debug|Any CPU
		Release|Any CPU = Release|Any CPU
	EndGlobalSection
	GlobalSection(ProjectConfigurationPlatforms) = postSolution
		{DC15282B-E117-4F9D-8A13-09A666CEE80C}.Debug|Any CPU.ActiveCfg = Debug|Any CPU
		{DC15282B-E117-4F9D-8A13-09A666CEE80C}.Debug|Any CPU.Build.0 = Debug|Any CPU
		{DC15282B-E117-4F9D-8A13-09A666CEE80C}.Release|Any CPU.ActiveCfg = Release|Any CPU
		{DC15282B-E117-4F9D-8A13-09A666CEE80C}.Release|Any CPU.Build.0 = Release|Any CPU
	EndGlobalSection
	GlobalSection(SolutionProperties) = preSolution
		HideSolutionNode = FALSE
	EndGlobalSection
	GlobalSection(ExtensibilityGlobals) = postSolution
		SolutionGuid = {B373C138-29DA-4477-8AC4-4CB1A45C83E1}
	EndGlobalSection
EndGlobal
